// !$*UTF8*$!
{
	archiveVersion = 1;
	classes = {
	};
	objectVersion = 55;
	objects = {

/* Begin PBXBuildFile section */
		48C3CC3D277D4309003B2A55 /* AppDelegate.swift in Sources */ = {isa = PBXBuildFile; fileRef = 48C3CC3C277D4309003B2A55 /* AppDelegate.swift */; };
		48C3CC3F277D4309003B2A55 /* SceneDelegate.swift in Sources */ = {isa = PBXBuildFile; fileRef = 48C3CC3E277D4309003B2A55 /* SceneDelegate.swift */; };
		48C3CC46277D430C003B2A55 /* Assets.xcassets in Resources */ = {isa = PBXBuildFile; fileRef = 48C3CC45277D430C003B2A55 /* Assets.xcassets */; };
		48C3CC49277D430C003B2A55 /* LaunchScreen.storyboard in Resources */ = {isa = PBXBuildFile; fileRef = 48C3CC47277D430C003B2A55 /* LaunchScreen.storyboard */; };
		48C3CC54277D430C003B2A55 /* DaumCafeSearchTests.swift in Sources */ = {isa = PBXBuildFile; fileRef = 48C3CC53277D430C003B2A55 /* DaumCafeSearchTests.swift */; };
		48C3CC5E277D430C003B2A55 /* DaumCafeSearchUITests.swift in Sources */ = {isa = PBXBuildFile; fileRef = 48C3CC5D277D430C003B2A55 /* DaumCafeSearchUITests.swift */; };
		48C3CC60277D430C003B2A55 /* DaumCafeSearchUITestsLaunchTests.swift in Sources */ = {isa = PBXBuildFile; fileRef = 48C3CC5F277D430C003B2A55 /* DaumCafeSearchUITestsLaunchTests.swift */; };
		48C3CC6F277D44B3003B2A55 /* SnapKit in Frameworks */ = {isa = PBXBuildFile; productRef = 48C3CC6E277D44B3003B2A55 /* SnapKit */; };
		48C3CC72277D44BB003B2A55 /* Alamofire in Frameworks */ = {isa = PBXBuildFile; productRef = 48C3CC71277D44BB003B2A55 /* Alamofire */; };
		48C3CC75277D44C1003B2A55 /* Then in Frameworks */ = {isa = PBXBuildFile; productRef = 48C3CC74277D44C1003B2A55 /* Then */; };
		48C3CC78277D44C7003B2A55 /* Kingfisher in Frameworks */ = {isa = PBXBuildFile; productRef = 48C3CC77277D44C7003B2A55 /* Kingfisher */; };
		48C3CC7C277D4680003B2A55 /* CafeSearchListViewController.swift in Sources */ = {isa = PBXBuildFile; fileRef = 48C3CC7B277D4680003B2A55 /* CafeSearchListViewController.swift */; };
		48C3CC7F277D4A1D003B2A55 /* SearchBar.swift in Sources */ = {isa = PBXBuildFile; fileRef = 48C3CC7E277D4A1D003B2A55 /* SearchBar.swift */; };
		48C3CC81277D4A71003B2A55 /* UIColor.swift in Sources */ = {isa = PBXBuildFile; fileRef = 48C3CC80277D4A70003B2A55 /* UIColor.swift */; };
		48C3CC83277D4C0E003B2A55 /* CafeListCell.swift in Sources */ = {isa = PBXBuildFile; fileRef = 48C3CC82277D4C0E003B2A55 /* CafeListCell.swift */; };
		48C3CC85277D4C4F003B2A55 /* CafeListView.swift in Sources */ = {isa = PBXBuildFile; fileRef = 48C3CC84277D4C4F003B2A55 /* CafeListView.swift */; };
		48C3CC88277D4ECB003B2A55 /* DaumCafeSearchResponse.swift in Sources */ = {isa = PBXBuildFile; fileRef = 48C3CC87277D4ECB003B2A55 /* DaumCafeSearchResponse.swift */; };
		48C3CC8A277D4F05003B2A55 /* CafeArticle.swift in Sources */ = {isa = PBXBuildFile; fileRef = 48C3CC89277D4F05003B2A55 /* CafeArticle.swift */; };
/* End PBXBuildFile section */

/* Begin PBXContainerItemProxy section */
		48C3CC50277D430C003B2A55 /* PBXContainerItemProxy */ = {
			isa = PBXContainerItemProxy;
			containerPortal = 48C3CC31277D4309003B2A55 /* Project object */;
			proxyType = 1;
			remoteGlobalIDString = 48C3CC38277D4309003B2A55;
			remoteInfo = DaumCafeSearch;
		};
		48C3CC5A277D430C003B2A55 /* PBXContainerItemProxy */ = {
			isa = PBXContainerItemProxy;
			containerPortal = 48C3CC31277D4309003B2A55 /* Project object */;
			proxyType = 1;
			remoteGlobalIDString = 48C3CC38277D4309003B2A55;
			remoteInfo = DaumCafeSearch;
		};
/* End PBXContainerItemProxy section */

/* Begin PBXFileReference section */
		48C3CC39277D4309003B2A55 /* DaumCafeSearch.app */ = {isa = PBXFileReference; explicitFileType = wrapper.application; includeInIndex = 0; path = DaumCafeSearch.app; sourceTree = BUILT_PRODUCTS_DIR; };
		48C3CC3C277D4309003B2A55 /* AppDelegate.swift */ = {isa = PBXFileReference; lastKnownFileType = sourcecode.swift; path = AppDelegate.swift; sourceTree = "<group>"; };
		48C3CC3E277D4309003B2A55 /* SceneDelegate.swift */ = {isa = PBXFileReference; lastKnownFileType = sourcecode.swift; path = SceneDelegate.swift; sourceTree = "<group>"; };
		48C3CC45277D430C003B2A55 /* Assets.xcassets */ = {isa = PBXFileReference; lastKnownFileType = folder.assetcatalog; path = Assets.xcassets; sourceTree = "<group>"; };
		48C3CC48277D430C003B2A55 /* Base */ = {isa = PBXFileReference; lastKnownFileType = file.storyboard; name = Base; path = Base.lproj/LaunchScreen.storyboard; sourceTree = "<group>"; };
		48C3CC4A277D430C003B2A55 /* Info.plist */ = {isa = PBXFileReference; lastKnownFileType = text.plist.xml; path = Info.plist; sourceTree = "<group>"; };
		48C3CC4F277D430C003B2A55 /* DaumCafeSearchTests.xctest */ = {isa = PBXFileReference; explicitFileType = wrapper.cfbundle; includeInIndex = 0; path = DaumCafeSearchTests.xctest; sourceTree = BUILT_PRODUCTS_DIR; };
		48C3CC53277D430C003B2A55 /* DaumCafeSearchTests.swift */ = {isa = PBXFileReference; lastKnownFileType = sourcecode.swift; path = DaumCafeSearchTests.swift; sourceTree = "<group>"; };
		48C3CC59277D430C003B2A55 /* DaumCafeSearchUITests.xctest */ = {isa = PBXFileReference; explicitFileType = wrapper.cfbundle; includeInIndex = 0; path = DaumCafeSearchUITests.xctest; sourceTree = BUILT_PRODUCTS_DIR; };
		48C3CC5D277D430C003B2A55 /* DaumCafeSearchUITests.swift */ = {isa = PBXFileReference; lastKnownFileType = sourcecode.swift; path = DaumCafeSearchUITests.swift; sourceTree = "<group>"; };
		48C3CC5F277D430C003B2A55 /* DaumCafeSearchUITestsLaunchTests.swift */ = {isa = PBXFileReference; lastKnownFileType = sourcecode.swift; path = DaumCafeSearchUITestsLaunchTests.swift; sourceTree = "<group>"; };
		48C3CC7B277D4680003B2A55 /* CafeSearchListViewController.swift */ = {isa = PBXFileReference; lastKnownFileType = sourcecode.swift; path = CafeSearchListViewController.swift; sourceTree = "<group>"; };
		48C3CC7E277D4A1D003B2A55 /* SearchBar.swift */ = {isa = PBXFileReference; lastKnownFileType = sourcecode.swift; path = SearchBar.swift; sourceTree = "<group>"; };
		48C3CC80277D4A70003B2A55 /* UIColor.swift */ = {isa = PBXFileReference; lastKnownFileType = sourcecode.swift; path = UIColor.swift; sourceTree = "<group>"; };
		48C3CC82277D4C0E003B2A55 /* CafeListCell.swift */ = {isa = PBXFileReference; lastKnownFileType = sourcecode.swift; path = CafeListCell.swift; sourceTree = "<group>"; };
		48C3CC84277D4C4F003B2A55 /* CafeListView.swift */ = {isa = PBXFileReference; lastKnownFileType = sourcecode.swift; path = CafeListView.swift; sourceTree = "<group>"; };
		48C3CC87277D4ECB003B2A55 /* DaumCafeSearchResponse.swift */ = {isa = PBXFileReference; lastKnownFileType = sourcecode.swift; path = DaumCafeSearchResponse.swift; sourceTree = "<group>"; };
		48C3CC89277D4F05003B2A55 /* CafeArticle.swift */ = {isa = PBXFileReference; lastKnownFileType = sourcecode.swift; path = CafeArticle.swift; sourceTree = "<group>"; };
/* End PBXFileReference section */

/* Begin PBXFrameworksBuildPhase section */
		48C3CC36277D4309003B2A55 /* Frameworks */ = {
			isa = PBXFrameworksBuildPhase;
			buildActionMask = 2147483647;
			files = (
				48C3CC78277D44C7003B2A55 /* Kingfisher in Frameworks */,
				48C3CC6F277D44B3003B2A55 /* SnapKit in Frameworks */,
				48C3CC75277D44C1003B2A55 /* Then in Frameworks */,
				48C3CC72277D44BB003B2A55 /* Alamofire in Frameworks */,
			);
			runOnlyForDeploymentPostprocessing = 0;
		};
		48C3CC4C277D430C003B2A55 /* Frameworks */ = {
			isa = PBXFrameworksBuildPhase;
			buildActionMask = 2147483647;
			files = (
			);
			runOnlyForDeploymentPostprocessing = 0;
		};
		48C3CC56277D430C003B2A55 /* Frameworks */ = {
			isa = PBXFrameworksBuildPhase;
			buildActionMask = 2147483647;
			files = (
			);
			runOnlyForDeploymentPostprocessing = 0;
		};
/* End PBXFrameworksBuildPhase section */

/* Begin PBXGroup section */
		48C3CC30277D4309003B2A55 = {
			isa = PBXGroup;
			children = (
				48C3CC3B277D4309003B2A55 /* DaumCafeSearch */,
				48C3CC52277D430C003B2A55 /* DaumCafeSearchTests */,
				48C3CC5C277D430C003B2A55 /* DaumCafeSearchUITests */,
				48C3CC3A277D4309003B2A55 /* Products */,
			);
			sourceTree = "<group>";
		};
		48C3CC3A277D4309003B2A55 /* Products */ = {
			isa = PBXGroup;
			children = (
				48C3CC39277D4309003B2A55 /* DaumCafeSearch.app */,
				48C3CC4F277D430C003B2A55 /* DaumCafeSearchTests.xctest */,
				48C3CC59277D430C003B2A55 /* DaumCafeSearchUITests.xctest */,
			);
			name = Products;
			sourceTree = "<group>";
		};
		48C3CC3B277D4309003B2A55 /* DaumCafeSearch */ = {
			isa = PBXGroup;
			children = (
				48C3CC79277D464F003B2A55 /* ViewControllers */,
				48C3CC86277D4EAA003B2A55 /* Models */,
				48C3CC6C277D43E8003B2A55 /* Resources */,
			);
			path = DaumCafeSearch;
			sourceTree = "<group>";
		};
		48C3CC52277D430C003B2A55 /* DaumCafeSearchTests */ = {
			isa = PBXGroup;
			children = (
				48C3CC53277D430C003B2A55 /* DaumCafeSearchTests.swift */,
			);
			path = DaumCafeSearchTests;
			sourceTree = "<group>";
		};
		48C3CC5C277D430C003B2A55 /* DaumCafeSearchUITests */ = {
			isa = PBXGroup;
			children = (
				48C3CC5D277D430C003B2A55 /* DaumCafeSearchUITests.swift */,
				48C3CC5F277D430C003B2A55 /* DaumCafeSearchUITestsLaunchTests.swift */,
			);
			path = DaumCafeSearchUITests;
			sourceTree = "<group>";
		};
		48C3CC6C277D43E8003B2A55 /* Resources */ = {
			isa = PBXGroup;
			children = (
				48C3CC3C277D4309003B2A55 /* AppDelegate.swift */,
				48C3CC3E277D4309003B2A55 /* SceneDelegate.swift */,
				48C3CC45277D430C003B2A55 /* Assets.xcassets */,
				48C3CC47277D430C003B2A55 /* LaunchScreen.storyboard */,
				48C3CC4A277D430C003B2A55 /* Info.plist */,
				48C3CC80277D4A70003B2A55 /* UIColor.swift */,
			);
			path = Resources;
			sourceTree = "<group>";
		};
		48C3CC79277D464F003B2A55 /* ViewControllers */ = {
			isa = PBXGroup;
			children = (
				48C3CC7A277D4658003B2A55 /* List */,
			);
			path = ViewControllers;
			sourceTree = "<group>";
		};
		48C3CC7A277D4658003B2A55 /* List */ = {
			isa = PBXGroup;
			children = (
				48C3CC7D277D4A0A003B2A55 /* Components */,
				48C3CC7B277D4680003B2A55 /* CafeSearchListViewController.swift */,
			);
			path = List;
			sourceTree = "<group>";
		};
		48C3CC7D277D4A0A003B2A55 /* Components */ = {
			isa = PBXGroup;
			children = (
				48C3CC7E277D4A1D003B2A55 /* SearchBar.swift */,
				48C3CC84277D4C4F003B2A55 /* CafeListView.swift */,
				48C3CC82277D4C0E003B2A55 /* CafeListCell.swift */,
			);
			path = Components;
			sourceTree = "<group>";
		};
		48C3CC86277D4EAA003B2A55 /* Models */ = {
			isa = PBXGroup;
			children = (
				48C3CC87277D4ECB003B2A55 /* DaumCafeSearchResponse.swift */,
				48C3CC89277D4F05003B2A55 /* CafeArticle.swift */,
			);
			path = Models;
			sourceTree = "<group>";
		};
/* End PBXGroup section */

/* Begin PBXNativeTarget section */
		48C3CC38277D4309003B2A55 /* DaumCafeSearch */ = {
			isa = PBXNativeTarget;
			buildConfigurationList = 48C3CC63277D430C003B2A55 /* Build configuration list for PBXNativeTarget "DaumCafeSearch" */;
			buildPhases = (
				48C3CC35277D4309003B2A55 /* Sources */,
				48C3CC36277D4309003B2A55 /* Frameworks */,
				48C3CC37277D4309003B2A55 /* Resources */,
			);
			buildRules = (
			);
			dependencies = (
			);
			name = DaumCafeSearch;
			packageProductDependencies = (
				48C3CC6E277D44B3003B2A55 /* SnapKit */,
				48C3CC71277D44BB003B2A55 /* Alamofire */,
				48C3CC74277D44C1003B2A55 /* Then */,
				48C3CC77277D44C7003B2A55 /* Kingfisher */,
			);
			productName = DaumCafeSearch;
			productReference = 48C3CC39277D4309003B2A55 /* DaumCafeSearch.app */;
			productType = "com.apple.product-type.application";
		};
		48C3CC4E277D430C003B2A55 /* DaumCafeSearchTests */ = {
			isa = PBXNativeTarget;
			buildConfigurationList = 48C3CC66277D430C003B2A55 /* Build configuration list for PBXNativeTarget "DaumCafeSearchTests" */;
			buildPhases = (
				48C3CC4B277D430C003B2A55 /* Sources */,
				48C3CC4C277D430C003B2A55 /* Frameworks */,
				48C3CC4D277D430C003B2A55 /* Resources */,
			);
			buildRules = (
			);
			dependencies = (
				48C3CC51277D430C003B2A55 /* PBXTargetDependency */,
			);
			name = DaumCafeSearchTests;
			productName = DaumCafeSearchTests;
			productReference = 48C3CC4F277D430C003B2A55 /* DaumCafeSearchTests.xctest */;
			productType = "com.apple.product-type.bundle.unit-test";
		};
		48C3CC58277D430C003B2A55 /* DaumCafeSearchUITests */ = {
			isa = PBXNativeTarget;
			buildConfigurationList = 48C3CC69277D430C003B2A55 /* Build configuration list for PBXNativeTarget "DaumCafeSearchUITests" */;
			buildPhases = (
				48C3CC55277D430C003B2A55 /* Sources */,
				48C3CC56277D430C003B2A55 /* Frameworks */,
				48C3CC57277D430C003B2A55 /* Resources */,
			);
			buildRules = (
			);
			dependencies = (
				48C3CC5B277D430C003B2A55 /* PBXTargetDependency */,
			);
			name = DaumCafeSearchUITests;
			productName = DaumCafeSearchUITests;
			productReference = 48C3CC59277D430C003B2A55 /* DaumCafeSearchUITests.xctest */;
			productType = "com.apple.product-type.bundle.ui-testing";
		};
/* End PBXNativeTarget section */

/* Begin PBXProject section */
		48C3CC31277D4309003B2A55 /* Project object */ = {
			isa = PBXProject;
			attributes = {
				BuildIndependentTargetsInParallel = 1;
				LastSwiftUpdateCheck = 1310;
				LastUpgradeCheck = 1310;
				TargetAttributes = {
					48C3CC38277D4309003B2A55 = {
						CreatedOnToolsVersion = 13.1;
					};
					48C3CC4E277D430C003B2A55 = {
						CreatedOnToolsVersion = 13.1;
						TestTargetID = 48C3CC38277D4309003B2A55;
					};
					48C3CC58277D430C003B2A55 = {
						CreatedOnToolsVersion = 13.1;
						TestTargetID = 48C3CC38277D4309003B2A55;
					};
				};
			};
			buildConfigurationList = 48C3CC34277D4309003B2A55 /* Build configuration list for PBXProject "DaumCafeSearch" */;
			compatibilityVersion = "Xcode 13.0";
			developmentRegion = en;
			hasScannedForEncodings = 0;
			knownRegions = (
				en,
				Base,
			);
			mainGroup = 48C3CC30277D4309003B2A55;
			packageReferences = (
				48C3CC6D277D44B3003B2A55 /* XCRemoteSwiftPackageReference "snapkit" */,
				48C3CC70277D44BB003B2A55 /* XCRemoteSwiftPackageReference "Alamofire" */,
				48C3CC73277D44C1003B2A55 /* XCRemoteSwiftPackageReference "Then" */,
				48C3CC76277D44C7003B2A55 /* XCRemoteSwiftPackageReference "Kingfisher" */,
			);
			productRefGroup = 48C3CC3A277D4309003B2A55 /* Products */;
			projectDirPath = "";
			projectRoot = "";
			targets = (
				48C3CC38277D4309003B2A55 /* DaumCafeSearch */,
				48C3CC4E277D430C003B2A55 /* DaumCafeSearchTests */,
				48C3CC58277D430C003B2A55 /* DaumCafeSearchUITests */,
			);
		};
/* End PBXProject section */

/* Begin PBXResourcesBuildPhase section */
		48C3CC37277D4309003B2A55 /* Resources */ = {
			isa = PBXResourcesBuildPhase;
			buildActionMask = 2147483647;
			files = (
				48C3CC49277D430C003B2A55 /* LaunchScreen.storyboard in Resources */,
				48C3CC46277D430C003B2A55 /* Assets.xcassets in Resources */,
			);
			runOnlyForDeploymentPostprocessing = 0;
		};
		48C3CC4D277D430C003B2A55 /* Resources */ = {
			isa = PBXResourcesBuildPhase;
			buildActionMask = 2147483647;
			files = (
			);
			runOnlyForDeploymentPostprocessing = 0;
		};
		48C3CC57277D430C003B2A55 /* Resources */ = {
			isa = PBXResourcesBuildPhase;
			buildActionMask = 2147483647;
			files = (
			);
			runOnlyForDeploymentPostprocessing = 0;
		};
/* End PBXResourcesBuildPhase section */

/* Begin PBXSourcesBuildPhase section */
		48C3CC35277D4309003B2A55 /* Sources */ = {
			isa = PBXSourcesBuildPhase;
			buildActionMask = 2147483647;
			files = (
				48C3CC83277D4C0E003B2A55 /* CafeListCell.swift in Sources */,
				48C3CC8A277D4F05003B2A55 /* CafeArticle.swift in Sources */,
				48C3CC85277D4C4F003B2A55 /* CafeListView.swift in Sources */,
				48C3CC88277D4ECB003B2A55 /* DaumCafeSearchResponse.swift in Sources */,
				48C3CC3D277D4309003B2A55 /* AppDelegate.swift in Sources */,
				48C3CC7F277D4A1D003B2A55 /* SearchBar.swift in Sources */,
				48C3CC3F277D4309003B2A55 /* SceneDelegate.swift in Sources */,
				48C3CC7C277D4680003B2A55 /* CafeSearchListViewController.swift in Sources */,
				48C3CC81277D4A71003B2A55 /* UIColor.swift in Sources */,
			);
			runOnlyForDeploymentPostprocessing = 0;
		};
		48C3CC4B277D430C003B2A55 /* Sources */ = {
			isa = PBXSourcesBuildPhase;
			buildActionMask = 2147483647;
			files = (
				48C3CC54277D430C003B2A55 /* DaumCafeSearchTests.swift in Sources */,
			);
			runOnlyForDeploymentPostprocessing = 0;
		};
		48C3CC55277D430C003B2A55 /* Sources */ = {
			isa = PBXSourcesBuildPhase;
			buildActionMask = 2147483647;
			files = (
				48C3CC60277D430C003B2A55 /* DaumCafeSearchUITestsLaunchTests.swift in Sources */,
				48C3CC5E277D430C003B2A55 /* DaumCafeSearchUITests.swift in Sources */,
			);
			runOnlyForDeploymentPostprocessing = 0;
		};
/* End PBXSourcesBuildPhase section */

/* Begin PBXTargetDependency section */
		48C3CC51277D430C003B2A55 /* PBXTargetDependency */ = {
			isa = PBXTargetDependency;
			target = 48C3CC38277D4309003B2A55 /* DaumCafeSearch */;
			targetProxy = 48C3CC50277D430C003B2A55 /* PBXContainerItemProxy */;
		};
		48C3CC5B277D430C003B2A55 /* PBXTargetDependency */ = {
			isa = PBXTargetDependency;
			target = 48C3CC38277D4309003B2A55 /* DaumCafeSearch */;
			targetProxy = 48C3CC5A277D430C003B2A55 /* PBXContainerItemProxy */;
		};
/* End PBXTargetDependency section */

/* Begin PBXVariantGroup section */
		48C3CC47277D430C003B2A55 /* LaunchScreen.storyboard */ = {
			isa = PBXVariantGroup;
			children = (
				48C3CC48277D430C003B2A55 /* Base */,
			);
			name = LaunchScreen.storyboard;
			sourceTree = "<group>";
		};
/* End PBXVariantGroup section */

/* Begin XCBuildConfiguration section */
		48C3CC61277D430C003B2A55 /* Debug */ = {
			isa = XCBuildConfiguration;
			buildSettings = {
				ALWAYS_SEARCH_USER_PATHS = NO;
				CLANG_ANALYZER_NONNULL = YES;
				CLANG_ANALYZER_NUMBER_OBJECT_CONVERSION = YES_AGGRESSIVE;
				CLANG_CXX_LANGUAGE_STANDARD = "gnu++17";
				CLANG_CXX_LIBRARY = "libc++";
				CLANG_ENABLE_MODULES = YES;
				CLANG_ENABLE_OBJC_ARC = YES;
				CLANG_ENABLE_OBJC_WEAK = YES;
				CLANG_WARN_BLOCK_CAPTURE_AUTORELEASING = YES;
				CLANG_WARN_BOOL_CONVERSION = YES;
				CLANG_WARN_COMMA = YES;
				CLANG_WARN_CONSTANT_CONVERSION = YES;
				CLANG_WARN_DEPRECATED_OBJC_IMPLEMENTATIONS = YES;
				CLANG_WARN_DIRECT_OBJC_ISA_USAGE = YES_ERROR;
				CLANG_WARN_DOCUMENTATION_COMMENTS = YES;
				CLANG_WARN_EMPTY_BODY = YES;
				CLANG_WARN_ENUM_CONVERSION = YES;
				CLANG_WARN_INFINITE_RECURSION = YES;
				CLANG_WARN_INT_CONVERSION = YES;
				CLANG_WARN_NON_LITERAL_NULL_CONVERSION = YES;
				CLANG_WARN_OBJC_IMPLICIT_RETAIN_SELF = YES;
				CLANG_WARN_OBJC_LITERAL_CONVERSION = YES;
				CLANG_WARN_OBJC_ROOT_CLASS = YES_ERROR;
				CLANG_WARN_QUOTED_INCLUDE_IN_FRAMEWORK_HEADER = YES;
				CLANG_WARN_RANGE_LOOP_ANALYSIS = YES;
				CLANG_WARN_STRICT_PROTOTYPES = YES;
				CLANG_WARN_SUSPICIOUS_MOVE = YES;
				CLANG_WARN_UNGUARDED_AVAILABILITY = YES_AGGRESSIVE;
				CLANG_WARN_UNREACHABLE_CODE = YES;
				CLANG_WARN__DUPLICATE_METHOD_MATCH = YES;
				COPY_PHASE_STRIP = NO;
				DEBUG_INFORMATION_FORMAT = dwarf;
				ENABLE_STRICT_OBJC_MSGSEND = YES;
				ENABLE_TESTABILITY = YES;
				GCC_C_LANGUAGE_STANDARD = gnu11;
				GCC_DYNAMIC_NO_PIC = NO;
				GCC_NO_COMMON_BLOCKS = YES;
				GCC_OPTIMIZATION_LEVEL = 0;
				GCC_PREPROCESSOR_DEFINITIONS = (
					"DEBUG=1",
					"$(inherited)",
				);
				GCC_WARN_64_TO_32_BIT_CONVERSION = YES;
				GCC_WARN_ABOUT_RETURN_TYPE = YES_ERROR;
				GCC_WARN_UNDECLARED_SELECTOR = YES;
				GCC_WARN_UNINITIALIZED_AUTOS = YES_AGGRESSIVE;
				GCC_WARN_UNUSED_FUNCTION = YES;
				GCC_WARN_UNUSED_VARIABLE = YES;
				IPHONEOS_DEPLOYMENT_TARGET = 15.0;
				MTL_ENABLE_DEBUG_INFO = INCLUDE_SOURCE;
				MTL_FAST_MATH = YES;
				ONLY_ACTIVE_ARCH = YES;
				SDKROOT = iphoneos;
				SWIFT_ACTIVE_COMPILATION_CONDITIONS = DEBUG;
				SWIFT_OPTIMIZATION_LEVEL = "-Onone";
			};
			name = Debug;
		};
		48C3CC62277D430C003B2A55 /* Release */ = {
			isa = XCBuildConfiguration;
			buildSettings = {
				ALWAYS_SEARCH_USER_PATHS = NO;
				CLANG_ANALYZER_NONNULL = YES;
				CLANG_ANALYZER_NUMBER_OBJECT_CONVERSION = YES_AGGRESSIVE;
				CLANG_CXX_LANGUAGE_STANDARD = "gnu++17";
				CLANG_CXX_LIBRARY = "libc++";
				CLANG_ENABLE_MODULES = YES;
				CLANG_ENABLE_OBJC_ARC = YES;
				CLANG_ENABLE_OBJC_WEAK = YES;
				CLANG_WARN_BLOCK_CAPTURE_AUTORELEASING = YES;
				CLANG_WARN_BOOL_CONVERSION = YES;
				CLANG_WARN_COMMA = YES;
				CLANG_WARN_CONSTANT_CONVERSION = YES;
				CLANG_WARN_DEPRECATED_OBJC_IMPLEMENTATIONS = YES;
				CLANG_WARN_DIRECT_OBJC_ISA_USAGE = YES_ERROR;
				CLANG_WARN_DOCUMENTATION_COMMENTS = YES;
				CLANG_WARN_EMPTY_BODY = YES;
				CLANG_WARN_ENUM_CONVERSION = YES;
				CLANG_WARN_INFINITE_RECURSION = YES;
				CLANG_WARN_INT_CONVERSION = YES;
				CLANG_WARN_NON_LITERAL_NULL_CONVERSION = YES;
				CLANG_WARN_OBJC_IMPLICIT_RETAIN_SELF = YES;
				CLANG_WARN_OBJC_LITERAL_CONVERSION = YES;
				CLANG_WARN_OBJC_ROOT_CLASS = YES_ERROR;
				CLANG_WARN_QUOTED_INCLUDE_IN_FRAMEWORK_HEADER = YES;
				CLANG_WARN_RANGE_LOOP_ANALYSIS = YES;
				CLANG_WARN_STRICT_PROTOTYPES = YES;
				CLANG_WARN_SUSPICIOUS_MOVE = YES;
				CLANG_WARN_UNGUARDED_AVAILABILITY = YES_AGGRESSIVE;
				CLANG_WARN_UNREACHABLE_CODE = YES;
				CLANG_WARN__DUPLICATE_METHOD_MATCH = YES;
				COPY_PHASE_STRIP = NO;
				DEBUG_INFORMATION_FORMAT = "dwarf-with-dsym";
				ENABLE_NS_ASSERTIONS = NO;
				ENABLE_STRICT_OBJC_MSGSEND = YES;
				GCC_C_LANGUAGE_STANDARD = gnu11;
				GCC_NO_COMMON_BLOCKS = YES;
				GCC_WARN_64_TO_32_BIT_CONVERSION = YES;
				GCC_WARN_ABOUT_RETURN_TYPE = YES_ERROR;
				GCC_WARN_UNDECLARED_SELECTOR = YES;
				GCC_WARN_UNINITIALIZED_AUTOS = YES_AGGRESSIVE;
				GCC_WARN_UNUSED_FUNCTION = YES;
				GCC_WARN_UNUSED_VARIABLE = YES;
				IPHONEOS_DEPLOYMENT_TARGET = 15.0;
				MTL_ENABLE_DEBUG_INFO = NO;
				MTL_FAST_MATH = YES;
				SDKROOT = iphoneos;
				SWIFT_COMPILATION_MODE = wholemodule;
				SWIFT_OPTIMIZATION_LEVEL = "-O";
				VALIDATE_PRODUCT = YES;
			};
			name = Release;
		};
		48C3CC64277D430C003B2A55 /* Debug */ = {
			isa = XCBuildConfiguration;
			buildSettings = {
				ASSETCATALOG_COMPILER_APPICON_NAME = AppIcon;
				ASSETCATALOG_COMPILER_GLOBAL_ACCENT_COLOR_NAME = AccentColor;
				CODE_SIGN_STYLE = Automatic;
				CURRENT_PROJECT_VERSION = 1;
				DEVELOPMENT_TEAM = 6F4MJTG4AU;
				GENERATE_INFOPLIST_FILE = YES;
				INFOPLIST_FILE = DaumCafeSearch/Resources/Info.plist;
				INFOPLIST_KEY_UIApplicationSupportsIndirectInputEvents = YES;
				INFOPLIST_KEY_UILaunchStoryboardName = LaunchScreen;
				INFOPLIST_KEY_UISupportedInterfaceOrientations_iPad = "UIInterfaceOrientationPortrait UIInterfaceOrientationPortraitUpsideDown UIInterfaceOrientationLandscapeLeft UIInterfaceOrientationLandscapeRight";
				INFOPLIST_KEY_UISupportedInterfaceOrientations_iPhone = "UIInterfaceOrientationPortrait UIInterfaceOrientationLandscapeLeft UIInterfaceOrientationLandscapeRight";
				LD_RUNPATH_SEARCH_PATHS = (
					"$(inherited)",
					"@executable_path/Frameworks",
				);
				MARKETING_VERSION = 1.0;
				PRODUCT_BUNDLE_IDENTIFIER = jayb.DaumCafeSearch;
				PRODUCT_NAME = "$(TARGET_NAME)";
				SWIFT_EMIT_LOC_STRINGS = YES;
				SWIFT_VERSION = 5.0;
				TARGETED_DEVICE_FAMILY = "1,2";
			};
			name = Debug;
		};
		48C3CC65277D430C003B2A55 /* Release */ = {
			isa = XCBuildConfiguration;
			buildSettings = {
				ASSETCATALOG_COMPILER_APPICON_NAME = AppIcon;
				ASSETCATALOG_COMPILER_GLOBAL_ACCENT_COLOR_NAME = AccentColor;
				CODE_SIGN_STYLE = Automatic;
				CURRENT_PROJECT_VERSION = 1;
				DEVELOPMENT_TEAM = 6F4MJTG4AU;
				GENERATE_INFOPLIST_FILE = YES;
				INFOPLIST_FILE = DaumCafeSearch/Resources/Info.plist;
				INFOPLIST_KEY_UIApplicationSupportsIndirectInputEvents = YES;
				INFOPLIST_KEY_UILaunchStoryboardName = LaunchScreen;
				INFOPLIST_KEY_UISupportedInterfaceOrientations_iPad = "UIInterfaceOrientationPortrait UIInterfaceOrientationPortraitUpsideDown UIInterfaceOrientationLandscapeLeft UIInterfaceOrientationLandscapeRight";
				INFOPLIST_KEY_UISupportedInterfaceOrientations_iPhone = "UIInterfaceOrientationPortrait UIInterfaceOrientationLandscapeLeft UIInterfaceOrientationLandscapeRight";
				LD_RUNPATH_SEARCH_PATHS = (
					"$(inherited)",
					"@executable_path/Frameworks",
				);
				MARKETING_VERSION = 1.0;
				PRODUCT_BUNDLE_IDENTIFIER = jayb.DaumCafeSearch;
				PRODUCT_NAME = "$(TARGET_NAME)";
				SWIFT_EMIT_LOC_STRINGS = YES;
				SWIFT_VERSION = 5.0;
				TARGETED_DEVICE_FAMILY = "1,2";
			};
			name = Release;
		};
		48C3CC67277D430C003B2A55 /* Debug */ = {
			isa = XCBuildConfiguration;
			buildSettings = {
				ALWAYS_EMBED_SWIFT_STANDARD_LIBRARIES = YES;
				BUNDLE_LOADER = "$(TEST_HOST)";
				CODE_SIGN_STYLE = Automatic;
				CURRENT_PROJECT_VERSION = 1;
				DEVELOPMENT_TEAM = 6F4MJTG4AU;
				GENERATE_INFOPLIST_FILE = YES;
				IPHONEOS_DEPLOYMENT_TARGET = 15.0;
				LD_RUNPATH_SEARCH_PATHS = (
					"$(inherited)",
					"@executable_path/Frameworks",
					"@loader_path/Frameworks",
				);
				MARKETING_VERSION = 1.0;
				PRODUCT_BUNDLE_IDENTIFIER = jayb.DaumCafeSearchTests;
				PRODUCT_NAME = "$(TARGET_NAME)";
				SWIFT_EMIT_LOC_STRINGS = NO;
				SWIFT_VERSION = 5.0;
				TARGETED_DEVICE_FAMILY = "1,2";
				TEST_HOST = "$(BUILT_PRODUCTS_DIR)/DaumCafeSearch.app/DaumCafeSearch";
			};
			name = Debug;
		};
		48C3CC68277D430C003B2A55 /* Release */ = {
			isa = XCBuildConfiguration;
			buildSettings = {
				ALWAYS_EMBED_SWIFT_STANDARD_LIBRARIES = YES;
				BUNDLE_LOADER = "$(TEST_HOST)";
				CODE_SIGN_STYLE = Automatic;
				CURRENT_PROJECT_VERSION = 1;
				DEVELOPMENT_TEAM = 6F4MJTG4AU;
				GENERATE_INFOPLIST_FILE = YES;
				IPHONEOS_DEPLOYMENT_TARGET = 15.0;
				LD_RUNPATH_SEARCH_PATHS = (
					"$(inherited)",
					"@executable_path/Frameworks",
					"@loader_path/Frameworks",
				);
				MARKETING_VERSION = 1.0;
				PRODUCT_BUNDLE_IDENTIFIER = jayb.DaumCafeSearchTests;
				PRODUCT_NAME = "$(TARGET_NAME)";
				SWIFT_EMIT_LOC_STRINGS = NO;
				SWIFT_VERSION = 5.0;
				TARGETED_DEVICE_FAMILY = "1,2";
				TEST_HOST = "$(BUILT_PRODUCTS_DIR)/DaumCafeSearch.app/DaumCafeSearch";
			};
			name = Release;
		};
		48C3CC6A277D430C003B2A55 /* Debug */ = {
			isa = XCBuildConfiguration;
			buildSettings = {
				ALWAYS_EMBED_SWIFT_STANDARD_LIBRARIES = YES;
				CODE_SIGN_STYLE = Automatic;
				CURRENT_PROJECT_VERSION = 1;
				DEVELOPMENT_TEAM = 6F4MJTG4AU;
				GENERATE_INFOPLIST_FILE = YES;
				LD_RUNPATH_SEARCH_PATHS = (
					"$(inherited)",
					"@executable_path/Frameworks",
					"@loader_path/Frameworks",
				);
				MARKETING_VERSION = 1.0;
				PRODUCT_BUNDLE_IDENTIFIER = jayb.DaumCafeSearchUITests;
				PRODUCT_NAME = "$(TARGET_NAME)";
				SWIFT_EMIT_LOC_STRINGS = NO;
				SWIFT_VERSION = 5.0;
				TARGETED_DEVICE_FAMILY = "1,2";
				TEST_TARGET_NAME = DaumCafeSearch;
			};
			name = Debug;
		};
		48C3CC6B277D430C003B2A55 /* Release */ = {
			isa = XCBuildConfiguration;
			buildSettings = {
				ALWAYS_EMBED_SWIFT_STANDARD_LIBRARIES = YES;
				CODE_SIGN_STYLE = Automatic;
				CURRENT_PROJECT_VERSION = 1;
				DEVELOPMENT_TEAM = 6F4MJTG4AU;
				GENERATE_INFOPLIST_FILE = YES;
				LD_RUNPATH_SEARCH_PATHS = (
					"$(inherited)",
					"@executable_path/Frameworks",
					"@loader_path/Frameworks",
				);
				MARKETING_VERSION = 1.0;
				PRODUCT_BUNDLE_IDENTIFIER = jayb.DaumCafeSearchUITests;
				PRODUCT_NAME = "$(TARGET_NAME)";
				SWIFT_EMIT_LOC_STRINGS = NO;
				SWIFT_VERSION = 5.0;
				TARGETED_DEVICE_FAMILY = "1,2";
				TEST_TARGET_NAME = DaumCafeSearch;
			};
			name = Release;
		};
/* End XCBuildConfiguration section */

/* Begin XCConfigurationList section */
		48C3CC34277D4309003B2A55 /* Build configuration list for PBXProject "DaumCafeSearch" */ = {
			isa = XCConfigurationList;
			buildConfigurations = (
				48C3CC61277D430C003B2A55 /* Debug */,
				48C3CC62277D430C003B2A55 /* Release */,
			);
			defaultConfigurationIsVisible = 0;
			defaultConfigurationName = Release;
		};
		48C3CC63277D430C003B2A55 /* Build configuration list for PBXNativeTarget "DaumCafeSearch" */ = {
			isa = XCConfigurationList;
			buildConfigurations = (
				48C3CC64277D430C003B2A55 /* Debug */,
				48C3CC65277D430C003B2A55 /* Release */,
			);
			defaultConfigurationIsVisible = 0;
			defaultConfigurationName = Release;
		};
		48C3CC66277D430C003B2A55 /* Build configuration list for PBXNativeTarget "DaumCafeSearchTests" */ = {
			isa = XCConfigurationList;
			buildConfigurations = (
				48C3CC67277D430C003B2A55 /* Debug */,
				48C3CC68277D430C003B2A55 /* Release */,
			);
			defaultConfigurationIsVisible = 0;
			defaultConfigurationName = Release;
		};
		48C3CC69277D430C003B2A55 /* Build configuration list for PBXNativeTarget "DaumCafeSearchUITests" */ = {
			isa = XCConfigurationList;
			buildConfigurations = (
				48C3CC6A277D430C003B2A55 /* Debug */,
				48C3CC6B277D430C003B2A55 /* Release */,
			);
			defaultConfigurationIsVisible = 0;
			defaultConfigurationName = Release;
		};
/* End XCConfigurationList section */

/* Begin XCRemoteSwiftPackageReference section */
		48C3CC6D277D44B3003B2A55 /* XCRemoteSwiftPackageReference "snapkit" */ = {
			isa = XCRemoteSwiftPackageReference;
			repositoryURL = "https://github.com/snapkit/snapkit.git";
			requirement = {
				branch = develop;
				kind = branch;
			};
		};
		48C3CC70277D44BB003B2A55 /* XCRemoteSwiftPackageReference "Alamofire" */ = {
			isa = XCRemoteSwiftPackageReference;
			repositoryURL = "https://github.com/Alamofire/Alamofire";
			requirement = {
				branch = master;
				kind = branch;
			};
		};
		48C3CC73277D44C1003B2A55 /* XCRemoteSwiftPackageReference "Then" */ = {
			isa = XCRemoteSwiftPackageReference;
			repositoryURL = "https://github.com/devxoul/Then";
			requirement = {
				branch = master;
				kind = branch;
			};
		};
		48C3CC76277D44C7003B2A55 /* XCRemoteSwiftPackageReference "Kingfisher" */ = {
			isa = XCRemoteSwiftPackageReference;
			repositoryURL = "https://github.com/onevcat/Kingfisher.git";
			requirement = {
				branch = master;
				kind = branch;
			};
		};
/* End XCRemoteSwiftPackageReference section */

/* Begin XCSwiftPackageProductDependency section */
		48C3CC6E277D44B3003B2A55 /* SnapKit */ = {
			isa = XCSwiftPackageProductDependency;
			package = 48C3CC6D277D44B3003B2A55 /* XCRemoteSwiftPackageReference "snapkit" */;
			productName = SnapKit;
		};
		48C3CC71277D44BB003B2A55 /* Alamofire */ = {
			isa = XCSwiftPackageProductDependency;
			package = 48C3CC70277D44BB003B2A55 /* XCRemoteSwiftPackageReference "Alamofire" */;
			productName = Alamofire;
		};
		48C3CC74277D44C1003B2A55 /* Then */ = {
			isa = XCSwiftPackageProductDependency;
			package = 48C3CC73277D44C1003B2A55 /* XCRemoteSwiftPackageReference "Then" */;
			productName = Then;
		};
		48C3CC77277D44C7003B2A55 /* Kingfisher */ = {
			isa = XCSwiftPackageProductDependency;
			package = 48C3CC76277D44C7003B2A55 /* XCRemoteSwiftPackageReference "Kingfisher" */;
			productName = Kingfisher;
		};
/* End XCSwiftPackageProductDependency section */
	};
	rootObject = 48C3CC31277D4309003B2A55 /* Project object */;
}
